
Microsoft Visual Studio Solution File, Format Version 12.00
# Visual Studio 14
VisualStudioVersion = 14.0.25420.1
MinimumVisualStudioVersion = 10.0.40219.1
Project("{FAE04EC0-301F-11D3-BF4B-00C04F79EFBC}") = "WebForEver", "WebForEver\WebForEver.csproj", "{1938FFD8-2463-4E83-B3BA-D0121D9209A3}"
EndProject
Project("{FAE04EC0-301F-11D3-BF4B-00C04F79EFBC}") = "WebForEver.Tests", "WebForEver.Tests\WebForEver.Tests.csproj", "{B57A5CD8-D424-4F06-9059-A74E796F53BE}"
EndProject
Global
	GlobalSection(SolutionConfigurationPlatforms) = preSolution
		Debug|Any CPU = Debug|Any CPU
		Release|Any CPU = Release|Any CPU
	EndGlobalSection
	GlobalSection(ProjectConfigurationPlatforms) = postSolution
		{1938FFD8-2463-4E83-B3BA-D0121D9209A3}.Debug|Any CPU.ActiveCfg = Debug|Any CPU
		{1938FFD8-2463-4E83-B3BA-D0121D9209A3}.Debug|Any CPU.Build.0 = Debug|Any CPU
		{1938FFD8-2463-4E83-B3BA-D0121D9209A3}.Release|Any CPU.ActiveCfg = Release|Any CPU
		{1938FFD8-2463-4E83-B3BA-D0121D9209A3}.Release|Any CPU.Build.0 = Release|Any CPU
		{B57A5CD8-D424-4F06-9059-A74E796F53BE}.Debug|Any CPU.ActiveCfg = Debug|Any CPU
		{B57A5CD8-D424-4F06-9059-A74E796F53BE}.Debug|Any CPU.Build.0 = Debug|Any CPU
		{B57A5CD8-D424-4F06-9059-A74E796F53BE}.Release|Any CPU.ActiveCfg = Release|Any CPU
		{B57A5CD8-D424-4F06-9059-A74E796F53BE}.Release|Any CPU.Build.0 = Release|Any CPU
	EndGlobalSection
	GlobalSection(SolutionProperties) = preSolution
		HideSolutionNode = FALSE
	EndGlobalSection
EndGlobal
